lockfileVersion: '9.0'

settings:
  autoInstallPeers: true
  excludeLinksFromLockfile: false

importers:

  .:
    dependencies:
      proj4:
        specifier: ^2.20.3
        version: 2.20.3
      proj4-list:
        specifier: ^1.0.4
        version: 1.0.4
      tiny-glob:
        specifier: ^0.2.9
        version: 0.2.9
      typedoc:
        specifier: ^0.28.17
        version: 0.28.17(typescript@5.9.3)
      typedoc-plugin-markdown:
        specifier: ^4.10.0
        version: 4.10.0(typedoc@0.28.17(typescript@5.9.3))
    devDependencies:
      '@types/node':
        specifier: ^25.3.3
        version: 25.3.3
      publint:
        specifier: ^0.3.18
        version: 0.3.18
      tsdown:
        specifier: ^0.21.0
        version: 0.21.0(publint@0.3.18)(typescript@5.9.3)
      tsx:
        specifier: ^4.21.0
        version: 4.21.0
      typescript:
        specifier: ^5.9.3
        version: 5.9.3

packages:

  '@babel/generator@8.0.0-rc.2':
    resolution: {integrity: sha512-oCQ1IKPwkzCeJzAPb7Fv8rQ9k5+1sG8mf2uoHiMInPYvkRfrDJxbTIbH51U+jstlkghus0vAi3EBvkfvEsYNLQ==}
    engines: {node: ^20.19.0 || >=22.12.0}

  '@babel/helper-string-parser@8.0.0-rc.2':
    resolution: {integrity: sha512-noLx87RwlBEMrTzncWd/FvTxoJ9+ycHNg0n8yyYydIoDsLZuxknKgWRJUqcrVkNrJ74uGyhWQzQaS3q8xfGAhQ==}
    engines: {node: ^20.19.0 || >=22.12.0}

  '@babel/helper-validator-identifier@8.0.0-rc.2':
    resolution: {integrity: sha512-xExUBkuXWJjVuIbO7z6q7/BA9bgfJDEhVL0ggrggLMbg0IzCUWGT1hZGE8qUH7Il7/RD/a6cZ3AAFrrlp1LF/A==}
    engines: {node: ^20.19.0 || >=22.12.0}

  '@babel/parser@8.0.0-rc.2':
    resolution: {integrity: sha512-29AhEtcq4x8Dp3T72qvUMZHx0OMXCj4Jy/TEReQa+KWLln524Cj1fWb3QFi0l/xSpptQBR6y9RNEXuxpFvwiUQ==}
    engines: {node: ^20.19.0 || >=22.12.0}
    hasBin: true

  '@babel/types@8.0.0-rc.2':
    resolution: {integrity: sha512-91gAaWRznDwSX4E2tZ1YjBuIfnQVOFDCQ2r0Toby0gu4XEbyF623kXLMA8d4ZbCu+fINcrudkmEcwSUHgDDkNw==}
    engines: {node: ^20.19.0 || >=22.12.0}

  '@emnapi/core@1.8.1':
    resolution: {integrity: sha512-AvT9QFpxK0Zd8J0jopedNm+w/2fIzvtPKPjqyw9jwvBaReTTqPBk9Hixaz7KbjimP+QNz605/XnjFcDAL2pqBg==}

  '@emnapi/runtime@1.8.1':
    resolution: {integrity: sha512-mehfKSMWjjNol8659Z8KxEMrdSJDDot5SXMq00dM8BN4o+CLNXQ0xH2V7EchNHV4RmbZLmmPdEaXZc5H2FXmDg==}

  '@emnapi/wasi-threads@1.1.0':
    resolution: {integrity: sha512-WI0DdZ8xFSbgMjR1sFsKABJ/C5OnRrjT06JXbZKexJGrDuPTzZdDYfFlsgcCXCyf+suG5QU2e/y1Wo2V/OapLQ==}

  '@esbuild/aix-ppc64@0.27.3':
    resolution: {integrity: sha512-9fJMTNFTWZMh5qwrBItuziu834eOCUcEqymSH7pY+zoMVEZg3gcPuBNxH1EvfVYe9h0x/Ptw8KBzv7qxb7l8dg==}
    engines: {node: '>=18'}
    cpu: [ppc64]
    os: [aix]

  '@esbuild/android-arm64@0.27.3':
    resolution: {integrity: sha512-YdghPYUmj/FX2SYKJ0OZxf+iaKgMsKHVPF1MAq/P8WirnSpCStzKJFjOjzsW0QQ7oIAiccHdcqjbHmJxRb/dmg==}
    engines: {node: '>=18'}
    cpu: [arm64]
    os: [android]

  '@esbuild/android-arm@0.27.3':
    resolution: {integrity: sha512-i5D1hPY7GIQmXlXhs2w8AWHhenb00+GxjxRncS2ZM7YNVGNfaMxgzSGuO8o8SJzRc/oZwU2bcScvVERk03QhzA==}
    engines: {node: '>=18'}
    cpu: [arm]
    os: [android]

  '@esbuild/android-x64@0.27.3':
    resolution: {integrity: sha512-IN/0BNTkHtk8lkOM8JWAYFg4ORxBkZQf9zXiEOfERX/CzxW3Vg1ewAhU7QSWQpVIzTW+b8Xy+lGzdYXV6UZObQ==}
    engines: {node: '>=18'}
    cpu: [x64]
    os: [android]

  '@esbuild/darwin-arm64@0.27.3':
    resolution: {integrity: sha512-Re491k7ByTVRy0t3EKWajdLIr0gz2kKKfzafkth4Q8A5n1xTHrkqZgLLjFEHVD+AXdUGgQMq+Godfq45mGpCKg==}
    engines: {node: '>=18'}
    cpu: [arm64]
    os: [darwin]

  '@esbuild/darwin-x64@0.27.3':
    resolution: {integrity: sha512-vHk/hA7/1AckjGzRqi6wbo+jaShzRowYip6rt6q7VYEDX4LEy1pZfDpdxCBnGtl+A5zq8iXDcyuxwtv3hNtHFg==}
    engines: {node: '>=18'}
    cpu: [x64]
    os: [darwin]

  '@esbuild/freebsd-arm64@0.27.3':
    resolution: {integrity: sha512-ipTYM2fjt3kQAYOvo6vcxJx3nBYAzPjgTCk7QEgZG8AUO3ydUhvelmhrbOheMnGOlaSFUoHXB6un+A7q4ygY9w==}
    engines: {node: '>=18'}
    cpu: [arm64]
    os: [freebsd]

  '@esbuild/freebsd-x64@0.27.3':
    resolution: {integrity: sha512-dDk0X87T7mI6U3K9VjWtHOXqwAMJBNN2r7bejDsc+j03SEjtD9HrOl8gVFByeM0aJksoUuUVU9TBaZa2rgj0oA==}
    engines: {node: '>=18'}
    cpu: [x64]
    os: [freebsd]

  '@esbuild/linux-arm64@0.27.3':
    resolution: {integrity: sha512-sZOuFz/xWnZ4KH3YfFrKCf1WyPZHakVzTiqji3WDc0BCl2kBwiJLCXpzLzUBLgmp4veFZdvN5ChW4Eq/8Fc2Fg==}
    engines: {node: '>=18'}
    cpu: [arm64]
    os: [linux]

  '@esbuild/linux-arm@0.27.3':
    resolution: {integrity: sha512-s6nPv2QkSupJwLYyfS+gwdirm0ukyTFNl3KTgZEAiJDd+iHZcbTPPcWCcRYH+WlNbwChgH2QkE9NSlNrMT8Gfw==}
    engines: {node: '>=18'}
    cpu: [arm]
    os: [linux]

  '@esbuild/linux-ia32@0.27.3':
    resolution: {integrity: sha512-yGlQYjdxtLdh0a3jHjuwOrxQjOZYD/C9PfdbgJJF3TIZWnm/tMd/RcNiLngiu4iwcBAOezdnSLAwQDPqTmtTYg==}
    engines: {node: '>=18'}
    cpu: [ia32]
    os: [linux]

  '@esbuild/linux-loong64@0.27.3':
    resolution: {integrity: sha512-WO60Sn8ly3gtzhyjATDgieJNet/KqsDlX5nRC5Y3oTFcS1l0KWba+SEa9Ja1GfDqSF1z6hif/SkpQJbL63cgOA==}
    engines: {node: '>=18'}
    cpu: [loong64]
    os: [linux]

  '@esbuild/linux-mips64el@0.27.3':
    resolution: {integrity: sha512-APsymYA6sGcZ4pD6k+UxbDjOFSvPWyZhjaiPyl/f79xKxwTnrn5QUnXR5prvetuaSMsb4jgeHewIDCIWljrSxw==}
    engines: {node: '>=18'}
    cpu: [mips64el]
    os: [linux]

  '@esbuild/linux-ppc64@0.27.3':
    resolution: {integrity: sha512-eizBnTeBefojtDb9nSh4vvVQ3V9Qf9Df01PfawPcRzJH4gFSgrObw+LveUyDoKU3kxi5+9RJTCWlj4FjYXVPEA==}
    engines: {node: '>=18'}
    cpu: [ppc64]
    os: [linux]

  '@esbuild/linux-riscv64@0.27.3':
    resolution: {integrity: sha512-3Emwh0r5wmfm3ssTWRQSyVhbOHvqegUDRd0WhmXKX2mkHJe1SFCMJhagUleMq+Uci34wLSipf8Lagt4LlpRFWQ==}
    engines: {node: '>=18'}
    cpu: [riscv64]
    os: [linux]

  '@esbuild/linux-s390x@0.27.3':
    resolution: {integrity: sha512-pBHUx9LzXWBc7MFIEEL0yD/ZVtNgLytvx60gES28GcWMqil8ElCYR4kvbV2BDqsHOvVDRrOxGySBM9Fcv744hw==}
    engines: {node: '>=18'}
    cpu: [s390x]
    os: [linux]

  '@esbuild/linux-x64@0.27.3':
    resolution: {integrity: sha512-Czi8yzXUWIQYAtL/2y6vogER8pvcsOsk5cpwL4Gk5nJqH5UZiVByIY8Eorm5R13gq+DQKYg0+JyQoytLQas4dA==}
    engines: {node: '>=18'}
    cpu: [x64]
    os: [linux]

  '@esbuild/netbsd-arm64@0.27.3':
    resolution: {integrity: sha512-sDpk0RgmTCR/5HguIZa9n9u+HVKf40fbEUt+iTzSnCaGvY9kFP0YKBWZtJaraonFnqef5SlJ8/TiPAxzyS+UoA==}
    engines: {node: '>=18'}
    cpu: [arm64]
    os: [netbsd]

  '@esbuild/netbsd-x64@0.27.3':
    resolution: {integrity: sha512-P14lFKJl/DdaE00LItAukUdZO5iqNH7+PjoBm+fLQjtxfcfFE20Xf5CrLsmZdq5LFFZzb5JMZ9grUwvtVYzjiA==}
    engines: {node: '>=18'}
    cpu: [x64]
    os: [netbsd]

  '@esbuild/openbsd-arm64@0.27.3':
    resolution: {integrity: sha512-AIcMP77AvirGbRl/UZFTq5hjXK+2wC7qFRGoHSDrZ5v5b8DK/GYpXW3CPRL53NkvDqb9D+alBiC/dV0Fb7eJcw==}
    engines: {node: '>=18'}
    cpu: [arm64]
    os: [openbsd]

  '@esbuild/openbsd-x64@0.27.3':
    resolution: {integrity: sha512-DnW2sRrBzA+YnE70LKqnM3P+z8vehfJWHXECbwBmH/CU51z6FiqTQTHFenPlHmo3a8UgpLyH3PT+87OViOh1AQ==}
    engines: {node: '>=18'}
    cpu: [x64]
    os: [openbsd]

  '@esbuild/openharmony-arm64@0.27.3':
    resolution: {integrity: sha512-NinAEgr/etERPTsZJ7aEZQvvg/A6IsZG/LgZy+81wON2huV7SrK3e63dU0XhyZP4RKGyTm7aOgmQk0bGp0fy2g==}
    engines: {node: '>=18'}
    cpu: [arm64]
    os: [openharmony]

  '@esbuild/sunos-x64@0.27.3':
    resolution: {integrity: sha512-PanZ+nEz+eWoBJ8/f8HKxTTD172SKwdXebZ0ndd953gt1HRBbhMsaNqjTyYLGLPdoWHy4zLU7bDVJztF5f3BHA==}
    engines: {node: '>=18'}
    cpu: [x64]
    os: [sunos]

  '@esbuild/win32-arm64@0.27.3':
    resolution: {integrity: sha512-B2t59lWWYrbRDw/tjiWOuzSsFh1Y/E95ofKz7rIVYSQkUYBjfSgf6oeYPNWHToFRr2zx52JKApIcAS/D5TUBnA==}
    engines: {node: '>=18'}
    cpu: [arm64]
    os: [win32]

  '@esbuild/win32-ia32@0.27.3':
    resolution: {integrity: sha512-QLKSFeXNS8+tHW7tZpMtjlNb7HKau0QDpwm49u0vUp9y1WOF+PEzkU84y9GqYaAVW8aH8f3GcBck26jh54cX4Q==}
    engines: {node: '>=18'}
    cpu: [ia32]
    os: [win32]

  '@esbuild/win32-x64@0.27.3':
    resolution: {integrity: sha512-4uJGhsxuptu3OcpVAzli+/gWusVGwZZHTlS63hh++ehExkVT8SgiEf7/uC/PclrPPkLhZqGgCTjd0VWLo6xMqA==}
    engines: {node: '>=18'}
    cpu: [x64]
    os: [win32]

  '@gerrit0/mini-shiki@3.23.0':
    resolution: {integrity: sha512-bEMORlG0cqdjVyCEuU0cDQbORWX+kYCeo0kV1lbxF5bt4r7SID2l9bqsxJEM0zndaxpOUT7riCyIVEuqq/Ynxg==}

  '@jridgewell/gen-mapping@0.3.13':
    resolution: {integrity: sha512-2kkt/7niJ6MgEPxF0bYdQ6etZaA+fQvDcLKckhy1yIQOzaoKjBBjSj63/aLVjYE3qhRt5dvM+uUyfCg6UKCBbA==}

  '@jridgewell/resolve-uri@3.1.2':
    resolution: {integrity: sha512-bRISgCIjP20/tbWSPWMEi54QVPRZExkuD9lJL+UIxUKtwVJA8wW1Trb1jMs1RFXo1CBTNZ/5hpC9QvmKWdopKw==}
    engines: {node: '>=6.0.0'}

  '@jridgewell/sourcemap-codec@1.5.5':
    resolution: {integrity: sha512-cYQ9310grqxueWbl+WuIUIaiUaDcj7WOq5fVhEljNVgRfOUhY9fy2zTvfoqWsnebh8Sl70VScFbICvJnLKB0Og==}

  '@jridgewell/trace-mapping@0.3.31':
    resolution: {integrity: sha512-zzNR+SdQSDJzc8joaeP8QQoCQr8NuYx2dIIytl1QeBEZHJ9uW6hebsrYgbz8hJwUQao3TWCMtmfV8Nu1twOLAw==}

  '@napi-rs/wasm-runtime@1.1.1':
    resolution: {integrity: sha512-p64ah1M1ld8xjWv3qbvFwHiFVWrq1yFvV4f7w+mzaqiR4IlSgkqhcRdHwsGgomwzBH51sRY4NEowLxnaBjcW/A==}

  '@oxc-project/types@0.115.0':
    resolution: {integrity: sha512-4n91DKnebUS4yjUHl2g3/b2T+IUdCfmoZGhmwsovZCDaJSs+QkVAM+0AqqTxHSsHfeiMuueT75cZaZcT/m0pSw==}

  '@publint/pack@0.1.4':
    resolution: {integrity: sha512-HDVTWq3H0uTXiU0eeSQntcVUTPP3GamzeXI41+x7uU9J65JgWQh3qWZHblR1i0npXfFtF+mxBiU2nJH8znxWnQ==}
    engines: {node: '>=18'}

  '@quansync/fs@1.0.0':
    resolution: {integrity: sha512-4TJ3DFtlf1L5LDMaM6CanJ/0lckGNtJcMjQ1NAV6zDmA0tEHKZtxNKin8EgPaVX1YzljbxckyT2tJrpQKAtngQ==}

  '@rolldown/binding-android-arm64@1.0.0-rc.7':
    resolution: {integrity: sha512-/uadfNUaMLFFBGvcIOiq8NnlhvTZTjOyybJaJnhGxD0n9k5vZRJfTaitH5GHnbwmc6T2PC+ZpS1FQH+vXyS/UA==}
    engines: {node: ^20.19.0 || >=22.12.0}
    cpu: [arm64]
    os: [android]

  '@rolldown/binding-darwin-arm64@1.0.0-rc.7':
    resolution: {integrity: sha512-zokYr1KgRn0hRA89dmgtPj/BmKp9DxgrfAJvOEFfXa8nfYWW2nmgiYIBGpSIAJrEg7Qc/Qznovy6xYwmKh0M8g==}
    engines: {node: ^20.19.0 || >=22.12.0}
    cpu: [arm64]
    os: [darwin]

  '@rolldown/binding-darwin-x64@1.0.0-rc.7':
    resolution: {integrity: sha512-eZFjbmrapCBVgMmuLALH3pmQQQStHFuRhsFceJHk6KISW8CkI2e9OPLp9V4qXksrySQcD8XM8fpvGLs5l5C7LQ==}
    engines: {node: ^20.19.0 || >=22.12.0}
    cpu: [x64]
    os: [darwin]

  '@rolldown/binding-freebsd-x64@1.0.0-rc.7':
    resolution: {integrity: sha512-xjMrh8Dmu2DNwdY6DZsrF6YPGeesc3PaTlkh8v9cqmkSCNeTxnhX3ErhVnuv1j3n8t2IuuhQIwM9eZDINNEt5Q==}
    engines: {node: ^20.19.0 || >=22.12.0}
    cpu: [x64]
    os: [freebsd]

  '@rolldown/binding-linux-arm-gnueabihf@1.0.0-rc.7':
    resolution: {integrity: sha512-mOvftrHiXg4/xFdxJY3T9Wl1/zDAOSlMN8z9an2bXsCwuvv3RdyhYbSMZDuDO52S04w9z7+cBd90lvQSPTAQtw==}
    engines: {node: ^20.19.0 || >=22.12.0}
    cpu: [arm]
    os: [linux]

  '@rolldown/binding-linux-arm64-gnu@1.0.0-rc.7':
    resolution: {integrity: sha512-TuUkeuEEPRyXMBbJ86NRhAiPNezxHW8merl3Om2HASA9Pl1rI+VZcTtsVQ6v/P0MDIFpSl0k0+tUUze9HIXyEw==}
    engines: {node: ^20.19.0 || >=22.12.0}
    cpu: [arm64]
    os: [linux]

  '@rolldown/binding-linux-arm64-musl@1.0.0-rc.7':
    resolution: {integrity: sha512-G43ZElEvaby+YSOgrXfBgpeQv42LdS0ivFFYQufk2tBDWeBfzE/+ob5DmO8Izbyn4Y8k6GgLF11jFDYNnmU/3w==}
    engines: {node: ^20.19.0 || >=22.12.0}
    cpu: [arm64]
    os: [linux]

  '@rolldown/binding-linux-ppc64-gnu@1.0.0-rc.7':
    resolution: {integrity: sha512-Y48ShVxGE2zUTt0A0PR3grCLNxW4DWtAfe5lxf6L3uYEQujwo/LGuRogMsAtOJeYLCPTJo2i714LOdnK34cHpw==}
    engines: {node: ^20.19.0 || >=22.12.0}
    cpu: [ppc64]
    os: [linux]

  '@rolldown/binding-linux-s390x-gnu@1.0.0-rc.7':
    resolution: {integrity: sha512-KU5DUYvX3qI8/TX6D3RA4awXi4Ge/1+M6Jqv7kRiUndpqoVGgD765xhV3Q6QvtABnYjLJenrWDl3S1B5U56ixA==}
    engines: {node: ^20.19.0 || >=22.12.0}
    cpu: [s390x]
    os: [linux]

  '@rolldown/binding-linux-x64-gnu@1.0.0-rc.7':
    resolution: {integrity: sha512-1THb6FdBkAEL12zvUue2bmK4W1+P+tz8Pgu5uEzq+xrtYa3iBzmmKNlyfUzCFNCqsPd8WJEQrYdLcw4iMW4AVw==}
    engines: {node: ^20.19.0 || >=22.12.0}
    cpu: [x64]
    os: [linux]

  '@rolldown/binding-linux-x64-musl@1.0.0-rc.7':
    resolution: {integrity: sha512-12o73atFNWDgYnLyA52QEUn9AH8pHIe12W28cmqjyHt4bIEYRzMICvYVCPa2IQm6DJBvCBrEhD9K+ct4wr2hwg==}
    engines: {node: ^20.19.0 || >=22.12.0}
    cpu: [x64]
    os: [linux]

  '@rolldown/binding-openharmony-arm64@1.0.0-rc.7':
    resolution: {integrity: sha512-+uUgGwvuUCXl894MTsmTS2J0BnCZccFsmzV7y1jFxW5pTSxkuwL5agyPuDvDOztPeS6RrdqWkn7sT0jRd0ECkg==}
    engines: {node: ^20.19.0 || >=22.12.0}
    cpu: [arm64]
    os: [openharmony]

  '@rolldown/binding-wasm32-wasi@1.0.0-rc.7':
    resolution: {integrity: sha512-53p2L/NSy21UiFOqUGlC11kJDZS2Nx2GJRz1QvbkXovypA3cOHbsyZHLkV72JsLSbiEQe+kg4tndUhSiC31UEA==}
    engines: {node: '>=14.0.0'}
    cpu: [wasm32]

  '@rolldown/binding-win32-arm64-msvc@1.0.0-rc.7':
    resolution: {integrity: sha512-K6svNRljO6QrL6VTKxwh4yThhlR9DT/tK0XpaFQMnJwwQKng+NYcVEtUkAM0WsoiZHw+Hnh3DGnn3taf/pNYGg==}
    engines: {node: ^20.19.0 || >=22.12.0}
    cpu: [arm64]
    os: [win32]

  '@rolldown/binding-win32-x64-msvc@1.0.0-rc.7':
    resolution: {integrity: sha512-3ZJBT47VWLKVKIyvHhUSUgVwHzzZW761YAIkM3tOT+8ZTjFVp0acCM0Y2Z2j3jCl+XYi2d9y2uEWQ8H0PvvpPw==}
    engines: {node: ^20.19.0 || >=22.12.0}
    cpu: [x64]
    os: [win32]

  '@rolldown/pluginutils@1.0.0-rc.7':
    resolution: {integrity: sha512-qujRfC8sFVInYSPPMLQByRh7zhwkGFS4+tyMQ83srV1qrxL4g8E2tyxVVyxd0+8QeBM1mIk9KbWxkegRr76XzA==}

  '@shikijs/engine-oniguruma@3.23.0':
    resolution: {integrity: sha512-1nWINwKXxKKLqPibT5f4pAFLej9oZzQTsby8942OTlsJzOBZ0MWKiwzMsd+jhzu8YPCHAswGnnN1YtQfirL35g==}

  '@shikijs/langs@3.23.0':
    resolution: {integrity: sha512-2Ep4W3Re5aB1/62RSYQInK9mM3HsLeB91cHqznAJMuylqjzNVAVCMnNWRHFtcNHXsoNRayP9z1qj4Sq3nMqYXg==}

  '@shikijs/themes@3.23.0':
    resolution: {integrity: sha512-5qySYa1ZgAT18HR/ypENL9cUSGOeI2x+4IvYJu4JgVJdizn6kG4ia5Q1jDEOi7gTbN4RbuYtmHh0W3eccOrjMA==}

  '@shikijs/types@3.23.0':
    resolution: {integrity: sha512-3JZ5HXOZfYjsYSk0yPwBrkupyYSLpAE26Qc0HLghhZNGTZg/SKxXIIgoxOpmmeQP0RRSDJTk1/vPfw9tbw+jSQ==}

  '@shikijs/vscode-textmate@10.0.2':
    resolution: {integrity: sha512-83yeghZ2xxin3Nj8z1NMd/NCuca+gsYXswywDy5bHvwlWL8tpTQmzGeUuHd9FC3E/SBEMvzJRwWEOz5gGes9Qg==}

  '@tybys/wasm-util@0.10.1':
    resolution: {integrity: sha512-9tTaPJLSiejZKx+Bmog4uSubteqTvFrVrURwkmHixBo0G4seD0zUxp98E1DzUBJxLQ3NPwXrGKDiVjwx/DpPsg==}

  '@types/estree@1.0.8':
    resolution: {integrity: sha512-dWHzHa2WqEXI/O1E9OjrocMTKJl2mSrEolh1Iomrv6U+JuNwaHXsXx9bLu5gG7BUWFIN0skIQJQ/L1rIex4X6w==}

  '@types/hast@3.0.4':
    resolution: {integrity: sha512-WPs+bbQw5aCj+x6laNGWLH3wviHtoCv/P3+otBhbOhJgG8qtpdAMlTCxLtsTWA7LH1Oh/bFCHsBn0TPS5m30EQ==}

  '@types/jsesc@2.5.1':
    resolution: {integrity: sha512-9VN+6yxLOPLOav+7PwjZbxiID2bVaeq0ED4qSQmdQTdjnXJSaCVKTR58t15oqH1H5t8Ng2ZX1SabJVoN9Q34bw==}

  '@types/node@25.3.3':
    resolution: {integrity: sha512-DpzbrH7wIcBaJibpKo9nnSQL0MTRdnWttGyE5haGwK86xgMOkFLp7vEyfQPGLOJh5wNYiJ3V9PmUMDhV9u8kkQ==}

  '@types/unist@3.0.3':
    resolution: {integrity: sha512-ko/gIFJRv177XgZsZcBwnqJN5x/Gien8qNOn0D5bQU/zAzVf9Zt3BlcUiLqhV9y4ARk0GbT3tnUiPNgnTXzc/Q==}

  ansis@4.2.0:
    resolution: {integrity: sha512-HqZ5rWlFjGiV0tDm3UxxgNRqsOTniqoKZu0pIAfh7TZQMGuZK+hH0drySty0si0QXj1ieop4+SkSfPZBPPkHig==}
    engines: {node: '>=14'}

  argparse@2.0.1:
    resolution: {integrity: sha512-8+9WqebbFzpX9OR+Wa6O29asIogeRMzcGtAINdpMHHyAg10f05aSFVBbcEqGf/PXw1EjAZ+q2/bEBg3DvurK3Q==}

  ast-kit@3.0.0-beta.1:
    resolution: {integrity: sha512-trmleAnZ2PxN/loHWVhhx1qeOHSRXq4TDsBBxq3GqeJitfk3+jTQ+v/C1km/KYq9M7wKqCewMh+/NAvVH7m+bw==}
    engines: {node: '>=20.19.0'}

  balanced-match@1.0.2:
    resolution: {integrity: sha512-3oSeUO0TMV67hN1AmbXsK4yaqU7tjiHlbxRDZOpH0KW9+CeX4bRAaX0Anxt0tx2MrpRpWwQaPwIlISEJhYU5Pw==}

  birpc@4.0.0:
    resolution: {integrity: sha512-LShSxJP0KTmd101b6DRyGBj57LZxSDYWKitQNW/mi8GRMvZb078Uf9+pveax1DrVL89vm7mWe+TovdI/UDOuPw==}

  brace-expansion@2.0.2:
    resolution: {integrity: sha512-Jt0vHyM+jmUBqojB7E1NIYadt0vI0Qxjxd2TErW94wDz+E2LAm5vKMXXwg6ZZBTHPuUlDgQHKXvjGBdfcF1ZDQ==}

  cac@7.0.0:
    resolution: {integrity: sha512-tixWYgm5ZoOD+3g6UTea91eow5z6AAHaho3g0V9CNSNb45gM8SmflpAc+GRd1InC4AqN/07Unrgp56Y94N9hJQ==}
    engines: {node: '>=20.19.0'}

  defu@6.1.4:
    resolution: {integrity: sha512-mEQCMmwJu317oSz8CwdIOdwf3xMif1ttiM8LTufzc3g6kR+9Pe236twL8j3IYT1F7GfRgGcW6MWxzZjLIkuHIg==}

  dts-resolver@2.1.3:
    resolution: {integrity: sha512-bihc7jPC90VrosXNzK0LTE2cuLP6jr0Ro8jk+kMugHReJVLIpHz/xadeq3MhuwyO4TD4OA3L1Q8pBBFRc08Tsw==}
    engines: {node: '>=20.19.0'}
    peerDependencies:
      oxc-resolver: '>=11.0.0'
    peerDependenciesMeta:
      oxc-resolver:
        optional: true

  empathic@2.0.0:
    resolution: {integrity: sha512-i6UzDscO/XfAcNYD75CfICkmfLedpyPDdozrLMmQc5ORaQcdMoc21OnlEylMIqI7U8eniKrPMxxtj8k0vhmJhA==}
    engines: {node: '>=14'}

  entities@4.5.0:
    resolution: {integrity: sha512-V0hjH4dGPh9Ao5p0MoRY6BVqtwCjhz6vI5LT8AJ55H+4g9/4vbHx1I54fS0XuclLhDHArPQCiMjDxjaL8fPxhw==}
    engines: {node: '>=0.12'}

  esbuild@0.27.3:
    resolution: {integrity: sha512-8VwMnyGCONIs6cWue2IdpHxHnAjzxnw2Zr7MkVxB2vjmQ2ivqGFb4LEG3SMnv0Gb2F/G/2yA8zUaiL1gywDCCg==}
    engines: {node: '>=18'}
    hasBin: true

  estree-walker@3.0.3:
    resolution: {integrity: sha512-7RUKfXgSMMkzt6ZuXmqapOurLGPPfgj6l9uRZ7lRGolvk0y2yocc35LdcxKC5PQZdn2DMqioAQ2NoWcrTKmm6g==}

  fdir@6.5.0:
    resolution: {integrity: sha512-tIbYtZbucOs0BRGqPJkshJUYdL+SDH7dVM8gjy+ERp3WAUjLEFJE+02kanyHtwjWOnwrKYBiwAmM0p4kLJAnXg==}
    engines: {node: '>=12.0.0'}
    peerDependencies:
      picomatch: ^3 || ^4
    peerDependenciesMeta:
      picomatch:
        optional: true

  fsevents@2.3.3:
    resolution: {integrity: sha512-5xoDfX+fL7faATnagmWPpbFtwh/R77WmMMqqHGS65C3vvB0YHrgF+B1YmZ3441tMj5n63k0212XNoJwzlhffQw==}
    engines: {node: ^8.16.0 || ^10.6.0 || >=11.0.0}
    os: [darwin]

  get-tsconfig@4.13.6:
    resolution: {integrity: sha512-shZT/QMiSHc/YBLxxOkMtgSid5HFoauqCE3/exfsEcwg1WkeqjG+V40yBbBrsD+jW2HDXcs28xOfcbm2jI8Ddw==}

  globalyzer@0.1.0:
    resolution: {integrity: sha512-40oNTM9UfG6aBmuKxk/giHn5nQ8RVz/SS4Ir6zgzOv9/qC3kKZ9v4etGTcJbEl/NyVQH7FGU7d+X1egr57Md2Q==}

  globrex@0.1.2:
    resolution: {integrity: sha512-uHJgbwAMwNFf5mLst7IWLNg14x1CkeqglJb/K3doi4dw6q2IvAAmM/Y81kevy83wP+Sst+nutFTYOGg3d1lsxg==}

  hookable@6.0.1:
    resolution: {integrity: sha512-uKGyY8BuzN/a5gvzvA+3FVWo0+wUjgtfSdnmjtrOVwQCZPHpHDH2WRO3VZSOeluYrHoDCiXFffZXs8Dj1ULWtw==}

  import-without-cache@0.2.5:
    resolution: {integrity: sha512-B6Lc2s6yApwnD2/pMzFh/d5AVjdsDXjgkeJ766FmFuJELIGHNycKRj+l3A39yZPM4CchqNCB4RITEAYB1KUM6A==}
    engines: {node: '>=20.19.0'}

  jsesc@3.1.0:
    resolution: {integrity: sha512-/sM3dO2FOzXjKQhJuo0Q173wf2KOo8t4I8vHy6lF9poUp7bKT0/NHE8fPX23PwfhnykfqnC2xRxOnVw5XuGIaA==}
    engines: {node: '>=6'}
    hasBin: true

  linkify-it@5.0.0:
    resolution: {integrity: sha512-5aHCbzQRADcdP+ATqnDuhhJ/MRIqDkZX5pyjFHRRysS8vZ5AbqGEoFIb6pYHPZ+L/OC2Lc+xT8uHVVR5CAK/wQ==}

  lunr@2.3.9:
    resolution: {integrity: sha512-zTU3DaZaF3Rt9rhN3uBMGQD3dD2/vFQqnvZCDv4dl5iOzq2IZQqTxu90r4E5J+nP70J3ilqVCrbho2eWaeW8Ow==}

  markdown-it@14.1.1:
    resolution: {integrity: sha512-BuU2qnTti9YKgK5N+IeMubp14ZUKUUw7yeJbkjtosvHiP0AZ5c8IAgEMk79D0eC8F23r4Ac/q8cAIFdm2FtyoA==}
    hasBin: true

  mdurl@2.0.0:
    resolution: {integrity: sha512-Lf+9+2r+Tdp5wXDXC4PcIBjTDtq4UKjCPMQhKIuzpJNW0b96kVqSwW0bT7FhRSfmAiFYgP+SCRvdrDozfh0U5w==}

  mgrs@1.0.0:
    resolution: {integrity: sha512-awNbTOqCxK1DBGjalK3xqWIstBZgN6fxsMSiXLs9/spqWkF2pAhb2rrYCFSsr1/tT7PhcDGjZndG8SWYn0byYA==}

  minimatch@9.0.9:
    resolution: {integrity: sha512-OBwBN9AL4dqmETlpS2zasx+vTeWclWzkblfZk7KTA5j3jeOONz/tRCnZomUyvNg83wL5Zv9Ss6HMJXAgL8R2Yg==}
    engines: {node: '>=16 || 14 >=14.17'}

  mri@1.2.0:
    resolution: {integrity: sha512-tzzskb3bG8LvYGFF/mDTpq3jpI6Q9wc3LEmBaghu+DdCssd1FakN7Bc0hVNmEyGq1bq3RgfkCb3cmQLpNPOroA==}
    engines: {node: '>=4'}

  obug@2.1.1:
    resolution: {integrity: sha512-uTqF9MuPraAQ+IsnPf366RG4cP9RtUi7MLO1N3KEc+wb0a6yKpeL0lmk2IB1jY5KHPAlTc6T/JRdC/YqxHNwkQ==}

  package-manager-detector@1.6.0:
    resolution: {integrity: sha512-61A5ThoTiDG/C8s8UMZwSorAGwMJ0ERVGj2OjoW5pAalsNOg15+iQiPzrLJ4jhZ1HJzmC2PIHT2oEiH3R5fzNA==}

  pathe@2.0.3:
    resolution: {integrity: sha512-WUjGcAqP1gQacoQe+OBJsFA7Ld4DyXuUIjZ5cc75cLHvJ7dtNsTugphxIADwspS+AraAUePCKrSVtPLFj/F88w==}

  picocolors@1.1.1:
    resolution: {integrity: sha512-xceH2snhtb5M9liqDsmEw56le376mTZkEX/jEb/RxNFyegNul7eNslCXP9FDj/Lcu0X8KEyMceP2ntpaHrDEVA==}

  picomatch@4.0.3:
    resolution: {integrity: sha512-5gTmgEY/sqK6gFXLIsQNH19lWb4ebPDLA4SdLP7dsWkIXHWlG66oPuVvXSGFPppYZz8ZDZq0dYYrbHfBCVUb1Q==}
    engines: {node: '>=12'}

  proj4-list@1.0.4:
    resolution: {integrity: sha512-BMU39s6xU/bIi3ro9unYo94HauD4bO1u1qXVtoqtc+8qdAKtXXe2FV9zGxEVM/tyNeQUdxX8QHPUtGCktFPwAg==}

  proj4@2.20.3:
    resolution: {integrity: sha512-uKJXnf/RkHhExxnWHqQqy2J1bPc5Qo8XSGzrMSJTdPWUQDo1DkunIRBfAS0crQaP9bZCSKNjqYJdYWVov0hDXw==}

  publint@0.3.18:
    resolution: {integrity: sha512-JRJFeBTrfx4qLwEuGFPk+haJOJN97KnPuK01yj+4k/Wj5BgoOK5uNsivporiqBjk2JDaslg7qJOhGRnpltGeog==}
    engines: {node: '>=18'}
    hasBin: true

  punycode.js@2.3.1:
    resolution: {integrity: sha512-uxFIHU0YlHYhDQtV4R9J6a52SLx28BCjT+4ieh7IGbgwVJWO+km431c4yRlREUAsAmt/uMjQUyQHNEPf0M39CA==}
    engines: {node: '>=6'}

  quansync@1.0.0:
    resolution: {integrity: sha512-5xZacEEufv3HSTPQuchrvV6soaiACMFnq1H8wkVioctoH3TRha9Sz66lOxRwPK/qZj7HPiSveih9yAyh98gvqA==}

  resolve-pkg-maps@1.0.0:
    resolution: {integrity: sha512-seS2Tj26TBVOC2NIc2rOe2y2ZO7efxITtLZcGSOnHHNOQ7CkiUBfw0Iw2ck6xkIhPwLhKNLS8BO+hEpngQlqzw==}

  rolldown-plugin-dts@0.22.3:
    resolution: {integrity: sha512-APIGZGChvLVu05f+7bMmgf+lpvhjIvELhkOsg7c/95IVdOgULVFOX9iciaHJLaBfZeTthIgp+gryGBjgyKNA1A==}
    engines: {node: '>=20.19.0'}
    peerDependencies:
      '@ts-macro/tsc': ^0.3.6
      '@typescript/native-preview': '>=7.0.0-dev.20250601.1'
      rolldown: ^1.0.0-rc.3
      typescript: ^5.0.0 || ^6.0.0-beta
      vue-tsc: ~3.2.0
    peerDependenciesMeta:
      '@ts-macro/tsc':
        optional: true
      '@typescript/native-preview':
        optional: true
      typescript:
        optional: true
      vue-tsc:
        optional: true

  rolldown@1.0.0-rc.7:
    resolution: {integrity: sha512-5X0zEeQFzDpB3MqUWQZyO2TUQqP9VnT7CqXHF2laTFRy487+b6QZyotCazOySAuZLAvplCaOVsg1tVn/Zlmwfg==}
    engines: {node: ^20.19.0 || >=22.12.0}
    hasBin: true

  sade@1.8.1:
    resolution: {integrity: sha512-xal3CZX1Xlo/k4ApwCFrHVACi9fBqJ7V+mwhBsuf/1IOKbBy098Fex+Wa/5QMubw09pSZ/u8EY8PWgevJsXp1A==}
    engines: {node: '>=6'}

  semver@7.7.4:
    resolution: {integrity: sha512-vFKC2IEtQnVhpT78h1Yp8wzwrf8CM+MzKMHGJZfBtzhZNycRFnXsHk6E5TxIkkMsgNS7mdX3AGB7x2QM2di4lA==}
    engines: {node: '>=10'}
    hasBin: true

  tiny-glob@0.2.9:
    resolution: {integrity: sha512-g/55ssRPUjShh+xkfx9UPDXqhckHEsHr4Vd9zX55oSdGZc/MD0m3sferOkwWtp98bv+kcVfEHtRJgBVJzelrzg==}

  tinyexec@1.0.2:
    resolution: {integrity: sha512-W/KYk+NFhkmsYpuHq5JykngiOCnxeVL8v8dFnqxSD8qEEdRfXk1SDM6JzNqcERbcGYj9tMrDQBYV9cjgnunFIg==}
    engines: {node: '>=18'}

  tinyglobby@0.2.15:
    resolution: {integrity: sha512-j2Zq4NyQYG5XMST4cbs02Ak8iJUdxRM0XI5QyxXuZOzKOINmWurp3smXu3y5wDcJrptwpSjgXHzIQxR0omXljQ==}
    engines: {node: '>=12.0.0'}

  tree-kill@1.2.2:
    resolution: {integrity: sha512-L0Orpi8qGpRG//Nd+H90vFB+3iHnue1zSSGmNOOCh1GLJ7rUKVwV2HvijphGQS2UmhUZewS9VgvxYIdgr+fG1A==}
    hasBin: true

  tsdown@0.21.0:
    resolution: {integrity: sha512-Sw/ehzVhjYLD7HVBPybJHDxpcaeyFjPcaDCME23o9O4fyuEl6ibYEdrnB8W8UchYAGoayKqzWQqx/oIp3jn/Vg==}
    engines: {node: '>=20.19.0'}
    hasBin: true
    peerDependencies:
      '@arethetypeswrong/core': ^0.18.1
      '@tsdown/css': 0.21.0
      '@tsdown/exe': 0.21.0
      '@vitejs/devtools': '*'
      publint: ^0.3.0
      typescript: ^5.0.0
      unplugin-unused: ^0.5.0
    peerDependenciesMeta:
      '@arethetypeswrong/core':
        optional: true
      '@tsdown/css':
        optional: true
      '@tsdown/exe':
        optional: true
      '@vitejs/devtools':
        optional: true
      publint:
        optional: true
      typescript:
        optional: true
      unplugin-unused:
        optional: true

  tslib@2.8.1:
    resolution: {integrity: sha512-oJFu94HQb+KVduSUQL7wnpmqnfmLsOA/nAh6b6EH0wCEoK0/mPeXU6c3wKDV83MkOuHPRHtSXKKU99IBazS/2w==}

  tsx@4.21.0:
    resolution: {integrity: sha512-5C1sg4USs1lfG0GFb2RLXsdpXqBSEhAaA/0kPL01wxzpMqLILNxIxIOKiILz+cdg/pLnOUxFYOR5yhHU666wbw==}
    engines: {node: '>=18.0.0'}
    hasBin: true

  typedoc-plugin-markdown@4.10.0:
    resolution: {integrity: sha512-psrg8Rtnv4HPWCsoxId+MzEN8TVK5jeKCnTbnGAbTBqcDapR9hM41bJT/9eAyKn9C2MDG9Qjh3MkltAYuLDoXg==}
    engines: {node: '>= 18'}
    peerDependencies:
      typedoc: 0.28.x

  typedoc@0.28.17:
    resolution: {integrity: sha512-ZkJ2G7mZrbxrKxinTQMjFqsCoYY6a5Luwv2GKbTnBCEgV2ihYm5CflA9JnJAwH0pZWavqfYxmDkFHPt4yx2oDQ==}
    engines: {node: '>= 18', pnpm: '>= 10'}
    hasBin: true
    peerDependencies:
      typescript: 5.0.x || 5.1.x || 5.2.x || 5.3.x || 5.4.x || 5.5.x || 5.6.x || 5.7.x || 5.8.x || 5.9.x

  typescript@5.9.3:
    resolution: {integrity: sha512-jl1vZzPDinLr9eUt3J/t7V6FgNEw9QjvBPdysz9KfQDD41fQrC2Y4vKQdiaUpFT4bXlb1RHhLpp8wtm6M5TgSw==}
    engines: {node: '>=14.17'}
    hasBin: true

  uc.micro@2.1.0:
    resolution: {integrity: sha512-ARDJmphmdvUk6Glw7y9DQ2bFkKBHwQHLi2lsaH6PPmz/Ka9sFOBsBluozhDltWmnv9u/cF6Rt87znRTPV+yp/A==}

  unconfig-core@7.5.0:
    resolution: {integrity: sha512-Su3FauozOGP44ZmKdHy2oE6LPjk51M/TRRjHv2HNCWiDvfvCoxC2lno6jevMA91MYAdCdwP05QnWdWpSbncX/w==}

  undici-types@7.18.2:
    resolution: {integrity: sha512-AsuCzffGHJybSaRrmr5eHr81mwJU3kjw6M+uprWvCXiNeN9SOGwQ3Jn8jb8m3Z6izVgknn1R0FTCEAP2QrLY/w==}

  unrun@0.2.30:
    resolution: {integrity: sha512-a4W1wDADI0gvDDr14T0ho1FgMhmfjq6M8Iz8q234EnlxgH/9cMHDueUSLwTl1fwSBs5+mHrLFYH+7B8ao36EBA==}
    engines: {node: '>=20.19.0'}
    hasBin: true
    peerDependencies:
      synckit: ^0.11.11
    peerDependenciesMeta:
      synckit:
        optional: true

  wkt-parser@1.5.3:
    resolution: {integrity: sha512-myla+RrMj+WTlnHc8Y4HEwjBcBF9dqJ3vjff/zmlrn9V3OKOM1mZVIyNjlPEmOM9Jjr/PPut0tnaTs9NyHcK8Q==}

  yaml@2.8.2:
    resolution: {integrity: sha512-mplynKqc1C2hTVYxd0PU2xQAc22TI1vShAYGksCCfxbn/dFwnHTNi1bvYsBTkhdUNtGIf5xNOg938rrSSYvS9A==}
    engines: {node: '>= 14.6'}
    hasBin: true

snapshots:

  '@babel/generator@8.0.0-rc.2':
    dependencies:
      '@babel/parser': 8.0.0-rc.2
      '@babel/types': 8.0.0-rc.2
      '@jridgewell/gen-mapping': 0.3.13
      '@jridgewell/trace-mapping': 0.3.31
      '@types/jsesc': 2.5.1
      jsesc: 3.1.0

  '@babel/helper-string-parser@8.0.0-rc.2': {}

  '@babel/helper-validator-identifier@8.0.0-rc.2': {}

  '@babel/parser@8.0.0-rc.2':
    dependencies:
      '@babel/types': 8.0.0-rc.2

  '@babel/types@8.0.0-rc.2':
    dependencies:
      '@babel/helper-string-parser': 8.0.0-rc.2
      '@babel/helper-validator-identifier': 8.0.0-rc.2

  '@emnapi/core@1.8.1':
    dependencies:
      '@emnapi/wasi-threads': 1.1.0
      tslib: 2.8.1
    optional: true

  '@emnapi/runtime@1.8.1':
    dependencies:
      tslib: 2.8.1
    optional: true

  '@emnapi/wasi-threads@1.1.0':
    dependencies:
      tslib: 2.8.1
    optional: true

  '@esbuild/aix-ppc64@0.27.3':
    optional: true

  '@esbuild/android-arm64@0.27.3':
    optional: true

  '@esbuild/android-arm@0.27.3':
    optional: true

  '@esbuild/android-x64@0.27.3':
    optional: true

  '@esbuild/darwin-arm64@0.27.3':
    optional: true

  '@esbuild/darwin-x64@0.27.3':
    optional: true

  '@esbuild/freebsd-arm64@0.27.3':
    optional: true

  '@esbuild/freebsd-x64@0.27.3':
    optional: true

  '@esbuild/linux-arm64@0.27.3':
    optional: true

  '@esbuild/linux-arm@0.27.3':
    optional: true

  '@esbuild/linux-ia32@0.27.3':
    optional: true

  '@esbuild/linux-loong64@0.27.3':
    optional: true

  '@esbuild/linux-mips64el@0.27.3':
    optional: true

  '@esbuild/linux-ppc64@0.27.3':
    optional: true

  '@esbuild/linux-riscv64@0.27.3':
    optional: true

  '@esbuild/linux-s390x@0.27.3':
    optional: true

  '@esbuild/linux-x64@0.27.3':
    optional: true

  '@esbuild/netbsd-arm64@0.27.3':
    optional: true

  '@esbuild/netbsd-x64@0.27.3':
    optional: true

  '@esbuild/openbsd-arm64@0.27.3':
    optional: true

  '@esbuild/openbsd-x64@0.27.3':
    optional: true

  '@esbuild/openharmony-arm64@0.27.3':
    optional: true

  '@esbuild/sunos-x64@0.27.3':
    optional: true

  '@esbuild/win32-arm64@0.27.3':
    optional: true

  '@esbuild/win32-ia32@0.27.3':
    optional: true

  '@esbuild/win32-x64@0.27.3':
    optional: true

  '@gerrit0/mini-shiki@3.23.0':
    dependencies:
      '@shikijs/engine-oniguruma': 3.23.0
      '@shikijs/langs': 3.23.0
      '@shikijs/themes': 3.23.0
      '@shikijs/types': 3.23.0
      '@shikijs/vscode-textmate': 10.0.2

  '@jridgewell/gen-mapping@0.3.13':
    dependencies:
      '@jridgewell/sourcemap-codec': 1.5.5
      '@jridgewell/trace-mapping': 0.3.31

  '@jridgewell/resolve-uri@3.1.2': {}

  '@jridgewell/sourcemap-codec@1.5.5': {}

  '@jridgewell/trace-mapping@0.3.31':
    dependencies:
      '@jridgewell/resolve-uri': 3.1.2
      '@jridgewell/sourcemap-codec': 1.5.5

  '@napi-rs/wasm-runtime@1.1.1':
    dependencies:
      '@emnapi/core': 1.8.1
      '@emnapi/runtime': 1.8.1
      '@tybys/wasm-util': 0.10.1
    optional: true

  '@oxc-project/types@0.115.0': {}

  '@publint/pack@0.1.4': {}

  '@quansync/fs@1.0.0':
    dependencies:
      quansync: 1.0.0

  '@rolldown/binding-android-arm64@1.0.0-rc.7':
    optional: true

  '@rolldown/binding-darwin-arm64@1.0.0-rc.7':
    optional: true

  '@rolldown/binding-darwin-x64@1.0.0-rc.7':
    optional: true

  '@rolldown/binding-freebsd-x64@1.0.0-rc.7':
    optional: true

  '@rolldown/binding-linux-arm-gnueabihf@1.0.0-rc.7':
    optional: true

  '@rolldown/binding-linux-arm64-gnu@1.0.0-rc.7':
    optional: true

  '@rolldown/binding-linux-arm64-musl@1.0.0-rc.7':
    optional: true

  '@rolldown/binding-linux-ppc64-gnu@1.0.0-rc.7':
    optional: true

  '@rolldown/binding-linux-s390x-gnu@1.0.0-rc.7':
    optional: true

  '@rolldown/binding-linux-x64-gnu@1.0.0-rc.7':
    optional: true

  '@rolldown/binding-linux-x64-musl@1.0.0-rc.7':
    optional: true

  '@rolldown/binding-openharmony-arm64@1.0.0-rc.7':
    optional: true

  '@rolldown/binding-wasm32-wasi@1.0.0-rc.7':
    dependencies:
      '@napi-rs/wasm-runtime': 1.1.1
    optional: true

  '@rolldown/binding-win32-arm64-msvc@1.0.0-rc.7':
    optional: true

  '@rolldown/binding-win32-x64-msvc@1.0.0-rc.7':
    optional: true

  '@rolldown/pluginutils@1.0.0-rc.7': {}

  '@shikijs/engine-oniguruma@3.23.0':
    dependencies:
      '@shikijs/types': 3.23.0
      '@shikijs/vscode-textmate': 10.0.2

  '@shikijs/langs@3.23.0':
    dependencies:
      '@shikijs/types': 3.23.0

  '@shikijs/themes@3.23.0':
    dependencies:
      '@shikijs/types': 3.23.0

  '@shikijs/types@3.23.0':
    dependencies:
      '@shikijs/vscode-textmate': 10.0.2
      '@types/hast': 3.0.4

  '@shikijs/vscode-textmate@10.0.2': {}

  '@tybys/wasm-util@0.10.1':
    dependencies:
      tslib: 2.8.1
    optional: true

  '@types/estree@1.0.8': {}

  '@types/hast@3.0.4':
    dependencies:
      '@types/unist': 3.0.3

  '@types/jsesc@2.5.1': {}

  '@types/node@25.3.3':
    dependencies:
      undici-types: 7.18.2

  '@types/unist@3.0.3': {}

  ansis@4.2.0: {}

  argparse@2.0.1: {}

  ast-kit@3.0.0-beta.1:
    dependencies:
      '@babel/parser': 8.0.0-rc.2
      estree-walker: 3.0.3
      pathe: 2.0.3

  balanced-match@1.0.2: {}

  birpc@4.0.0: {}

  brace-expansion@2.0.2:
    dependencies:
      balanced-match: 1.0.2

  cac@7.0.0: {}

  defu@6.1.4: {}

  dts-resolver@2.1.3: {}

  empathic@2.0.0: {}

  entities@4.5.0: {}

  esbuild@0.27.3:
    optionalDependencies:
      '@esbuild/aix-ppc64': 0.27.3
      '@esbuild/android-arm': 0.27.3
      '@esbuild/android-arm64': 0.27.3
      '@esbuild/android-x64': 0.27.3
      '@esbuild/darwin-arm64': 0.27.3
      '@esbuild/darwin-x64': 0.27.3
      '@esbuild/freebsd-arm64': 0.27.3
      '@esbuild/freebsd-x64': 0.27.3
      '@esbuild/linux-arm': 0.27.3
      '@esbuild/linux-arm64': 0.27.3
      '@esbuild/linux-ia32': 0.27.3
      '@esbuild/linux-loong64': 0.27.3
      '@esbuild/linux-mips64el': 0.27.3
      '@esbuild/linux-ppc64': 0.27.3
      '@esbuild/linux-riscv64': 0.27.3
      '@esbuild/linux-s390x': 0.27.3
      '@esbuild/linux-x64': 0.27.3
      '@esbuild/netbsd-arm64': 0.27.3
      '@esbuild/netbsd-x64': 0.27.3
      '@esbuild/openbsd-arm64': 0.27.3
      '@esbuild/openbsd-x64': 0.27.3
      '@esbuild/openharmony-arm64': 0.27.3
      '@esbuild/sunos-x64': 0.27.3
      '@esbuild/win32-arm64': 0.27.3
      '@esbuild/win32-ia32': 0.27.3
      '@esbuild/win32-x64': 0.27.3

  estree-walker@3.0.3:
    dependencies:
      '@types/estree': 1.0.8

  fdir@6.5.0(picomatch@4.0.3):
    optionalDependencies:
      picomatch: 4.0.3

  fsevents@2.3.3:
    optional: true

  get-tsconfig@4.13.6:
    dependencies:
      resolve-pkg-maps: 1.0.0

  globalyzer@0.1.0: {}

  globrex@0.1.2: {}

  hookable@6.0.1: {}

  import-without-cache@0.2.5: {}

  jsesc@3.1.0: {}

  linkify-it@5.0.0:
    dependencies:
      uc.micro: 2.1.0

  lunr@2.3.9: {}

  markdown-it@14.1.1:
    dependencies:
      argparse: 2.0.1
      entities: 4.5.0
      linkify-it: 5.0.0
      mdurl: 2.0.0
      punycode.js: 2.3.1
      uc.micro: 2.1.0

  mdurl@2.0.0: {}

  mgrs@1.0.0: {}

  minimatch@9.0.9:
    dependencies:
      brace-expansion: 2.0.2

  mri@1.2.0: {}

  obug@2.1.1: {}

  package-manager-detector@1.6.0: {}

  pathe@2.0.3: {}

  picocolors@1.1.1: {}

  picomatch@4.0.3: {}

  proj4-list@1.0.4: {}

  proj4@2.20.3:
    dependencies:
      mgrs: 1.0.0
      wkt-parser: 1.5.3

  publint@0.3.18:
    dependencies:
      '@publint/pack': 0.1.4
      package-manager-detector: 1.6.0
      picocolors: 1.1.1
      sade: 1.8.1

  punycode.js@2.3.1: {}

  quansync@1.0.0: {}

  resolve-pkg-maps@1.0.0: {}

  rolldown-plugin-dts@0.22.3(rolldown@1.0.0-rc.7)(typescript@5.9.3):
    dependencies:
      '@babel/generator': 8.0.0-rc.2
      '@babel/helper-validator-identifier': 8.0.0-rc.2
      '@babel/parser': 8.0.0-rc.2
      '@babel/types': 8.0.0-rc.2
      ast-kit: 3.0.0-beta.1
      birpc: 4.0.0
      dts-resolver: 2.1.3
      get-tsconfig: 4.13.6
      obug: 2.1.1
      rolldown: 1.0.0-rc.7
    optionalDependencies:
      typescript: 5.9.3
    transitivePeerDependencies:
      - oxc-resolver

  rolldown@1.0.0-rc.7:
    dependencies:
      '@oxc-project/types': 0.115.0
      '@rolldown/pluginutils': 1.0.0-rc.7
    optionalDependencies:
      '@rolldown/binding-android-arm64': 1.0.0-rc.7
      '@rolldown/binding-darwin-arm64': 1.0.0-rc.7
      '@rolldown/binding-darwin-x64': 1.0.0-rc.7
      '@rolldown/binding-freebsd-x64': 1.0.0-rc.7
      '@rolldown/binding-linux-arm-gnueabihf': 1.0.0-rc.7
      '@rolldown/binding-linux-arm64-gnu': 1.0.0-rc.7
      '@rolldown/binding-linux-arm64-musl': 1.0.0-rc.7
      '@rolldown/binding-linux-ppc64-gnu': 1.0.0-rc.7
      '@rolldown/binding-linux-s390x-gnu': 1.0.0-rc.7
      '@rolldown/binding-linux-x64-gnu': 1.0.0-rc.7
      '@rolldown/binding-linux-x64-musl': 1.0.0-rc.7
      '@rolldown/binding-openharmony-arm64': 1.0.0-rc.7
      '@rolldown/binding-wasm32-wasi': 1.0.0-rc.7
      '@rolldown/binding-win32-arm64-msvc': 1.0.0-rc.7
      '@rolldown/binding-win32-x64-msvc': 1.0.0-rc.7

  sade@1.8.1:
    dependencies:
      mri: 1.2.0

  semver@7.7.4: {}

  tiny-glob@0.2.9:
    dependencies:
      globalyzer: 0.1.0
      globrex: 0.1.2

  tinyexec@1.0.2: {}

  tinyglobby@0.2.15:
    dependencies:
      fdir: 6.5.0(picomatch@4.0.3)
      picomatch: 4.0.3

  tree-kill@1.2.2: {}

  tsdown@0.21.0(publint@0.3.18)(typescript@5.9.3):
    dependencies:
      ansis: 4.2.0
      cac: 7.0.0
      defu: 6.1.4
      empathic: 2.0.0
      hookable: 6.0.1
      import-without-cache: 0.2.5
      obug: 2.1.1
      picomatch: 4.0.3
      rolldown: 1.0.0-rc.7
      rolldown-plugin-dts: 0.22.3(rolldown@1.0.0-rc.7)(typescript@5.9.3)
      semver: 7.7.4
      tinyexec: 1.0.2
      tinyglobby: 0.2.15
      tree-kill: 1.2.2
      unconfig-core: 7.5.0
      unrun: 0.2.30
    optionalDependencies:
      publint: 0.3.18
      typescript: 5.9.3
    transitivePeerDependencies:
      - '@ts-macro/tsc'
      - '@typescript/native-preview'
      - oxc-resolver
      - synckit
      - vue-tsc

  tslib@2.8.1:
    optional: true

  tsx@4.21.0:
    dependencies:
      esbuild: 0.27.3
      get-tsconfig: 4.13.6
    optionalDependencies:
      fsevents: 2.3.3

  typedoc-plugin-markdown@4.10.0(typedoc@0.28.17(typescript@5.9.3)):
    dependencies:
      typedoc: 0.28.17(typescript@5.9.3)

  typedoc@0.28.17(typescript@5.9.3):
    dependencies:
      '@gerrit0/mini-shiki': 3.23.0
      lunr: 2.3.9
      markdown-it: 14.1.1
      minimatch: 9.0.9
      typescript: 5.9.3
      yaml: 2.8.2

  typescript@5.9.3: {}

  uc.micro@2.1.0: {}

  unconfig-core@7.5.0:
    dependencies:
      '@quansync/fs': 1.0.0
      quansync: 1.0.0

  undici-types@7.18.2: {}

  unrun@0.2.30:
    dependencies:
      rolldown: 1.0.0-rc.7

  wkt-parser@1.5.3: {}

  yaml@2.8.2: {}
